{
  "requires": true,
  "lockfileVersion": 1,
  "dependencies": {
    "boto3": {
      "version": "0.0.1",
      "resolved": "https://registry.npmjs.org/boto3/-/boto3-0.0.1.tgz",
      "integrity": "sha512-IFT1HCaLUSzk//uM4++Lv65Rf/hT3GGjLWMkZvDuutPgV/uoWQFTpixfnWhOfWKFUFQxYeg0JbLfQ6PpQJBGYw=="
    },
    "flask": {
      "version": "0.2.10",
      "resolved": "https://registry.npmjs.org/flask/-/flask-0.2.10.tgz",
      "integrity": "sha1-9fWkLP1YownjfGfAo5YXqBnl4bc="
    },
    "moment": {
      "version": "2.29.1",
      "resolved": "https://registry.npmjs.org/moment/-/moment-2.29.1.tgz",
      "integrity": "sha512-kHmoybcPV8Sqy59DwNDY3Jefr64lK/by/da0ViFcuA4DH0vQg5Q6Ze5VimxkfQNSC+Mls/Kx53s7TjP1RhFEDQ=="
    }
  }
}
